lockfileVersion: 5.3

specifiers:
  moment: ^2.29.1

dependencies:
  moment: registry.npmmirror.com/moment/2.29.1

packages:

  registry.npmmirror.com/moment/2.29.1:
    resolution: {integrity: sha512-kHmoybcPV8Sqy59DwNDY3Jefr64lK/by/da0ViFcuA4DH0vQg5Q6Ze5VimxkfQNSC+Mls/Kx53s7TjP1RhFEDQ==, registry: https://registry.npm.taobao.org/, tarball: https://registry.npmmirror.com/moment/-/moment-2.29.1.tgz}
    name: moment
    version: 2.29.1
    dev: false
